
Microsoft Visual Studio Solution File, Format Version 12.00
# Visual Studio Version 16
VisualStudioVersion = 16.0.30114.105
MinimumVisualStudioVersion = 10.0.40219.1
Project("{FAE04EC0-301F-11D3-BF4B-00C04F79EFBC}") = "ProcrastawayConsole", "ProcrastawayConsole\ProcrastawayConsole.csproj", "{9EC40966-8F74-4C35-A777-C8A4515AA3DB}"
EndProject
Project("{FAE04EC0-301F-11D3-BF4B-00C04F79EFBC}") = "ProcrastawayGUI", "ProcrastawayGUI\ProcrastawayGUI.csproj", "{73B41DCA-BCA1-4BF2-9E5B-8CDC5DF9D729}"
EndProject
Project("{FAE04EC0-301F-11D3-BF4B-00C04F79EFBC}") = "Procrastaway", "ProcrastawayCore\Procrastaway.csproj", "{5B9CD083-0743-446E-AA2A-67EC717E448A}"
EndProject
Project("{FAE04EC0-301F-11D3-BF4B-00C04F79EFBC}") = "ProcrastawayService", "ProcrastawayService\ProcrastawayService.csproj", "{1C9D53F9-D5F8-435E-8C3B-CDC5ACE831CA}"
EndProject
Global
	GlobalSection(SolutionConfigurationPlatforms) = preSolution
		Debug|Any CPU = Debug|Any CPU
		Release|Any CPU = Release|Any CPU
	EndGlobalSection
	GlobalSection(ProjectConfigurationPlatforms) = postSolution
		{9EC40966-8F74-4C35-A777-C8A4515AA3DB}.Debug|Any CPU.ActiveCfg = Debug|Any CPU
		{9EC40966-8F74-4C35-A777-C8A4515AA3DB}.Debug|Any CPU.Build.0 = Debug|Any CPU
		{9EC40966-8F74-4C35-A777-C8A4515AA3DB}.Release|Any CPU.ActiveCfg = Release|Any CPU
		{9EC40966-8F74-4C35-A777-C8A4515AA3DB}.Release|Any CPU.Build.0 = Release|Any CPU
		{73B41DCA-BCA1-4BF2-9E5B-8CDC5DF9D729}.Debug|Any CPU.ActiveCfg = Debug|Any CPU
		{73B41DCA-BCA1-4BF2-9E5B-8CDC5DF9D729}.Debug|Any CPU.Build.0 = Debug|Any CPU
		{73B41DCA-BCA1-4BF2-9E5B-8CDC5DF9D729}.Release|Any CPU.ActiveCfg = Release|Any CPU
		{73B41DCA-BCA1-4BF2-9E5B-8CDC5DF9D729}.Release|Any CPU.Build.0 = Release|Any CPU
		{5B9CD083-0743-446E-AA2A-67EC717E448A}.Debug|Any CPU.ActiveCfg = Debug|Any CPU
		{5B9CD083-0743-446E-AA2A-67EC717E448A}.Debug|Any CPU.Build.0 = Debug|Any CPU
		{5B9CD083-0743-446E-AA2A-67EC717E448A}.Release|Any CPU.ActiveCfg = Release|Any CPU
		{5B9CD083-0743-446E-AA2A-67EC717E448A}.Release|Any CPU.Build.0 = Release|Any CPU
		{1C9D53F9-D5F8-435E-8C3B-CDC5ACE831CA}.Debug|Any CPU.ActiveCfg = Debug|Any CPU
		{1C9D53F9-D5F8-435E-8C3B-CDC5ACE831CA}.Debug|Any CPU.Build.0 = Debug|Any CPU
		{1C9D53F9-D5F8-435E-8C3B-CDC5ACE831CA}.Release|Any CPU.ActiveCfg = Release|Any CPU
		{1C9D53F9-D5F8-435E-8C3B-CDC5ACE831CA}.Release|Any CPU.Build.0 = Release|Any CPU
	EndGlobalSection
	GlobalSection(SolutionProperties) = preSolution
		HideSolutionNode = FALSE
	EndGlobalSection
	GlobalSection(ExtensibilityGlobals) = postSolution
		SolutionGuid = {17878041-F85C-41B9-AD3A-D09E320D0FDF}
	EndGlobalSection
EndGlobal
